
Microsoft Visual Studio Solution File, Format Version 12.00
# Visual Studio Version 17
VisualStudioVersion = 17.1.32414.318
MinimumVisualStudioVersion = 10.0.40219.1
Project("{9A19103F-16F7-4668-BE54-9A1E7A4F7556}") = "DQB2ProcessEditor", "DQB2ProcessEditor\DQB2ProcessEditor.csproj", "{EE7E6F98-6AC4-4BE1-81F5-552F2783A7E1}"
EndProject
Global
	GlobalSection(SolutionConfigurationPlatforms) = preSolution
		Debug|x64 = Debug|x64
		Release|x64 = Release|x64
	EndGlobalSection
	GlobalSection(ProjectConfigurationPlatforms) = postSolution
		{EE7E6F98-6AC4-4BE1-81F5-552F2783A7E1}.Debug|x64.ActiveCfg = Debug|x64
		{EE7E6F98-6AC4-4BE1-81F5-552F2783A7E1}.Debug|x64.Build.0 = Debug|x64
		{EE7E6F98-6AC4-4BE1-81F5-552F2783A7E1}.Release|x64.ActiveCfg = Release|x64
		{EE7E6F98-6AC4-4BE1-81F5-552F2783A7E1}.Release|x64.Build.0 = Release|x64
	EndGlobalSection
	GlobalSection(SolutionProperties) = preSolution
		HideSolutionNode = FALSE
	EndGlobalSection
	GlobalSection(ExtensibilityGlobals) = postSolution
		SolutionGuid = {FD93C72E-4965-4206-B9C5-E0B5997D33C6}
	EndGlobalSection
EndGlobal
